
Microsoft Visual Studio Solution File, Format Version 12.00
# Visual Studio Version 16
VisualStudioVersion = 16.0.30907.101
MinimumVisualStudioVersion = 10.0.40219.1
Project("{FAE04EC0-301F-11D3-BF4B-00C04F79EFBC}") = "WpfApp_HomeWork_from20220522", "WpfApp_HomeWork_from20220522\WpfApp_HomeWork_from20220522.csproj", "{9C5A3098-BF71-4CB2-B3CC-E25E6EAF715C}"
EndProject
Global
	GlobalSection(SolutionConfigurationPlatforms) = preSolution
		Debug|Any CPU = Debug|Any CPU
		Release|Any CPU = Release|Any CPU
	EndGlobalSection
	GlobalSection(ProjectConfigurationPlatforms) = postSolution
		{9C5A3098-BF71-4CB2-B3CC-E25E6EAF715C}.Debug|Any CPU.ActiveCfg = Debug|Any CPU
		{9C5A3098-BF71-4CB2-B3CC-E25E6EAF715C}.Debug|Any CPU.Build.0 = Debug|Any CPU
		{9C5A3098-BF71-4CB2-B3CC-E25E6EAF715C}.Release|Any CPU.ActiveCfg = Release|Any CPU
		{9C5A3098-BF71-4CB2-B3CC-E25E6EAF715C}.Release|Any CPU.Build.0 = Release|Any CPU
	EndGlobalSection
	GlobalSection(SolutionProperties) = preSolution
		HideSolutionNode = FALSE
	EndGlobalSection
	GlobalSection(ExtensibilityGlobals) = postSolution
		SolutionGuid = {20488AD2-9837-48D9-BAC1-1E74BE6F2AC1}
	EndGlobalSection
EndGlobal
